
Microsoft Visual Studio Solution File, Format Version 12.00
# Visual Studio 15
VisualStudioVersion = 15.0.27428.2002
MinimumVisualStudioVersion = 10.0.40219.1
Project("{FAE04EC0-301F-11D3-BF4B-00C04F79EFBC}") = "GUI", "GUI\GUI.csproj", "{0D3F7863-242C-441A-8FF4-2956F38A94EF}"
EndProject
Project("{FAE04EC0-301F-11D3-BF4B-00C04F79EFBC}") = "DTO", "DTO\DTO.csproj", "{C43506FE-698F-4400-B0FA-11D53E9AB64A}"
EndProject
Project("{FAE04EC0-301F-11D3-BF4B-00C04F79EFBC}") = "DAL", "DAL\DAL.csproj", "{3F00E027-14DC-4E3A-BE1B-8D06F892C70B}"
EndProject
Project("{FAE04EC0-301F-11D3-BF4B-00C04F79EFBC}") = "BLL", "BLL\BLL.csproj", "{A4E40DF0-9FF2-4F9F-B5CE-C8CAB5C61EB9}"
EndProject
Global
	GlobalSection(SolutionConfigurationPlatforms) = preSolution
		Debug|Any CPU = Debug|Any CPU
		Release|Any CPU = Release|Any CPU
	EndGlobalSection
	GlobalSection(ProjectConfigurationPlatforms) = postSolution
		{0D3F7863-242C-441A-8FF4-2956F38A94EF}.Debug|Any CPU.ActiveCfg = Debug|Any CPU
		{0D3F7863-242C-441A-8FF4-2956F38A94EF}.Debug|Any CPU.Build.0 = Debug|Any CPU
		{0D3F7863-242C-441A-8FF4-2956F38A94EF}.Release|Any CPU.ActiveCfg = Release|Any CPU
		{0D3F7863-242C-441A-8FF4-2956F38A94EF}.Release|Any CPU.Build.0 = Release|Any CPU
		{C43506FE-698F-4400-B0FA-11D53E9AB64A}.Debug|Any CPU.ActiveCfg = Debug|Any CPU
		{C43506FE-698F-4400-B0FA-11D53E9AB64A}.Debug|Any CPU.Build.0 = Debug|Any CPU
		{C43506FE-698F-4400-B0FA-11D53E9AB64A}.Release|Any CPU.ActiveCfg = Release|Any CPU
		{C43506FE-698F-4400-B0FA-11D53E9AB64A}.Release|Any CPU.Build.0 = Release|Any CPU
		{3F00E027-14DC-4E3A-BE1B-8D06F892C70B}.Debug|Any CPU.ActiveCfg = Debug|Any CPU
		{3F00E027-14DC-4E3A-BE1B-8D06F892C70B}.Debug|Any CPU.Build.0 = Debug|Any CPU
		{3F00E027-14DC-4E3A-BE1B-8D06F892C70B}.Release|Any CPU.ActiveCfg = Release|Any CPU
		{3F00E027-14DC-4E3A-BE1B-8D06F892C70B}.Release|Any CPU.Build.0 = Release|Any CPU
		{A4E40DF0-9FF2-4F9F-B5CE-C8CAB5C61EB9}.Debug|Any CPU.ActiveCfg = Debug|Any CPU
		{A4E40DF0-9FF2-4F9F-B5CE-C8CAB5C61EB9}.Debug|Any CPU.Build.0 = Debug|Any CPU
		{A4E40DF0-9FF2-4F9F-B5CE-C8CAB5C61EB9}.Release|Any CPU.ActiveCfg = Release|Any CPU
		{A4E40DF0-9FF2-4F9F-B5CE-C8CAB5C61EB9}.Release|Any CPU.Build.0 = Release|Any CPU
	EndGlobalSection
	GlobalSection(SolutionProperties) = preSolution
		HideSolutionNode = FALSE
	EndGlobalSection
	GlobalSection(ExtensibilityGlobals) = postSolution
		SolutionGuid = {1D82A1FF-B9EE-4961-AA7B-55E05493D309}
	EndGlobalSection
EndGlobal
